
Microsoft Visual Studio Solution File, Format Version 12.00
# Visual Studio Version 17
VisualStudioVersion = 17.2.32526.322
MinimumVisualStudioVersion = 10.0.40219.1
Project("{FAE04EC0-301F-11D3-BF4B-00C04F79EFBC}") = "GitLabBackup", "GitLabBackup\GitLabBackup.csproj", "{198DEC43-EB88-4815-87F1-F61F13FAD05B}"
EndProject
Global
	GlobalSection(SolutionConfigurationPlatforms) = preSolution
		Debug|Any CPU = Debug|Any CPU
		Release|Any CPU = Release|Any CPU
	EndGlobalSection
	GlobalSection(ProjectConfigurationPlatforms) = postSolution
		{198DEC43-EB88-4815-87F1-F61F13FAD05B}.Debug|Any CPU.ActiveCfg = Debug|Any CPU
		{198DEC43-EB88-4815-87F1-F61F13FAD05B}.Debug|Any CPU.Build.0 = Debug|Any CPU
		{198DEC43-EB88-4815-87F1-F61F13FAD05B}.Release|Any CPU.ActiveCfg = Release|Any CPU
		{198DEC43-EB88-4815-87F1-F61F13FAD05B}.Release|Any CPU.Build.0 = Release|Any CPU
	EndGlobalSection
	GlobalSection(SolutionProperties) = preSolution
		HideSolutionNode = FALSE
	EndGlobalSection
	GlobalSection(ExtensibilityGlobals) = postSolution
		SolutionGuid = {4824003E-40AF-43F0-86DC-8B99BDBC37DB}
	EndGlobalSection
EndGlobal
