
Microsoft Visual Studio Solution File, Format Version 12.00
# Visual Studio Version 17
VisualStudioVersion = 17.1.32421.90
MinimumVisualStudioVersion = 10.0.40219.1
Project("{FAE04EC0-301F-11D3-BF4B-00C04F79EFBC}") = "diffViewer", "diffViewer\diffViewer.csproj", "{34FD7EBA-A11B-4D9D-A283-C87A93A36894}"
EndProject
Global
	GlobalSection(SolutionConfigurationPlatforms) = preSolution
		Debug|Any CPU = Debug|Any CPU
		Release|Any CPU = Release|Any CPU
	EndGlobalSection
	GlobalSection(ProjectConfigurationPlatforms) = postSolution
		{34FD7EBA-A11B-4D9D-A283-C87A93A36894}.Debug|Any CPU.ActiveCfg = Debug|Any CPU
		{34FD7EBA-A11B-4D9D-A283-C87A93A36894}.Debug|Any CPU.Build.0 = Debug|Any CPU
		{34FD7EBA-A11B-4D9D-A283-C87A93A36894}.Release|Any CPU.ActiveCfg = Release|Any CPU
		{34FD7EBA-A11B-4D9D-A283-C87A93A36894}.Release|Any CPU.Build.0 = Release|Any CPU
	EndGlobalSection
	GlobalSection(SolutionProperties) = preSolution
		HideSolutionNode = FALSE
	EndGlobalSection
	GlobalSection(ExtensibilityGlobals) = postSolution
		SolutionGuid = {254F6393-0804-4203-9BFC-56E24FB6AB20}
	EndGlobalSection
EndGlobal
