
Microsoft Visual Studio Solution File, Format Version 12.00
# Visual Studio Version 17
VisualStudioVersion = 17.2.32526.322
MinimumVisualStudioVersion = 10.0.40219.1
Project("{9A19103F-16F7-4668-BE54-9A1E7A4F7556}") = "ShopManager", "ShopManager\ShopManager.csproj", "{50428190-8614-4080-BB52-49A186A8AAB4}"
EndProject
Project("{FAE04EC0-301F-11D3-BF4B-00C04F79EFBC}") = "Tests", "Tests\Tests.csproj", "{70F0F23B-1495-4735-9F00-148703B9B307}"
EndProject
Global
	GlobalSection(SolutionConfigurationPlatforms) = preSolution
		Debug|Any CPU = Debug|Any CPU
		Release|Any CPU = Release|Any CPU
	EndGlobalSection
	GlobalSection(ProjectConfigurationPlatforms) = postSolution
		{50428190-8614-4080-BB52-49A186A8AAB4}.Debug|Any CPU.ActiveCfg = Debug|Any CPU
		{50428190-8614-4080-BB52-49A186A8AAB4}.Debug|Any CPU.Build.0 = Debug|Any CPU
		{50428190-8614-4080-BB52-49A186A8AAB4}.Release|Any CPU.ActiveCfg = Release|Any CPU
		{50428190-8614-4080-BB52-49A186A8AAB4}.Release|Any CPU.Build.0 = Release|Any CPU
		{70F0F23B-1495-4735-9F00-148703B9B307}.Debug|Any CPU.ActiveCfg = Debug|Any CPU
		{70F0F23B-1495-4735-9F00-148703B9B307}.Debug|Any CPU.Build.0 = Debug|Any CPU
		{70F0F23B-1495-4735-9F00-148703B9B307}.Release|Any CPU.ActiveCfg = Release|Any CPU
		{70F0F23B-1495-4735-9F00-148703B9B307}.Release|Any CPU.Build.0 = Release|Any CPU
	EndGlobalSection
	GlobalSection(SolutionProperties) = preSolution
		HideSolutionNode = FALSE
	EndGlobalSection
	GlobalSection(ExtensibilityGlobals) = postSolution
		SolutionGuid = {A4BB6E17-4685-433A-93D8-34CE1672B948}
	EndGlobalSection
EndGlobal
